// !$*UTF8*$!
{
	archiveVersion = 1;
	classes = {
	};
	objectVersion = 46;
	objects = {

/* Begin PBXBuildFile section */
		7B475FC81DA8722F00BEF671 /* main.m in Sources */ = {isa = PBXBuildFile; fileRef = 7B475FC71DA8722F00BEF671 /* main.m */; };
		7B475FCB1DA8722F00BEF671 /* AppDelegate.m in Sources */ = {isa = PBXBuildFile; fileRef = 7B475FCA1DA8722F00BEF671 /* AppDelegate.m */; };
		7B475FCE1DA8722F00BEF671 /* ViewController.m in Sources */ = {isa = PBXBuildFile; fileRef = 7B475FCD1DA8722F00BEF671 /* ViewController.m */; };
		7B475FD11DA8722F00BEF671 /* Main.storyboard in Resources */ = {isa = PBXBuildFile; fileRef = 7B475FCF1DA8722F00BEF671 /* Main.storyboard */; };
		7B475FD31DA8722F00BEF671 /* Assets.xcassets in Resources */ = {isa = PBXBuildFile; fileRef = 7B475FD21DA8722F00BEF671 /* Assets.xcassets */; };
		7B475FD61DA8722F00BEF671 /* LaunchScreen.storyboard in Resources */ = {isa = PBXBuildFile; fileRef = 7B475FD41DA8722F00BEF671 /* LaunchScreen.storyboard */; };
		7B475FE11DA8723000BEF671 /* Grace_Matuszyk_assignment2Tests.m in Sources */ = {isa = PBXBuildFile; fileRef = 7B475FE01DA8723000BEF671 /* Grace_Matuszyk_assignment2Tests.m */; };
		7B475FEC1DA8723000BEF671 /* Grace_Matuszyk_assignment2UITests.m in Sources */ = {isa = PBXBuildFile; fileRef = 7B475FEB1DA8723000BEF671 /* Grace_Matuszyk_assignment2UITests.m */; };
/* End PBXBuildFile section */

/* Begin PBXContainerItemProxy section */
		7B475FDD1DA8723000BEF671 /* PBXContainerItemProxy */ = {
			isa = PBXContainerItemProxy;
			containerPortal = 7B475FBB1DA8722F00BEF671 /* Project object */;
			proxyType = 1;
			remoteGlobalIDString = 7B475FC21DA8722F00BEF671;
			remoteInfo = Grace_Matuszyk_assignment2;
		};
		7B475FE81DA8723000BEF671 /* PBXContainerItemProxy */ = {
			isa = PBXContainerItemProxy;
			containerPortal = 7B475FBB1DA8722F00BEF671 /* Project object */;
			proxyType = 1;
			remoteGlobalIDString = 7B475FC21DA8722F00BEF671;
			remoteInfo = Grace_Matuszyk_assignment2;
		};
/* End PBXContainerItemProxy section */

/* Begin PBXFileReference section */
		7B475FC31DA8722F00BEF671 /* Grace_Matuszyk_assignment2.app */ = {isa = PBXFileReference; explicitFileType = wrapper.application; includeInIndex = 0; path = Grace_Matuszyk_assignment2.app; sourceTree = BUILT_PRODUCTS_DIR; };
		7B475FC71DA8722F00BEF671 /* main.m */ = {isa = PBXFileReference; lastKnownFileType = sourcecode.c.objc; path = main.m; sourceTree = "<group>"; };
		7B475FC91DA8722F00BEF671 /* AppDelegate.h */ = {isa = PBXFileReference; lastKnownFileType = sourcecode.c.h; path = AppDelegate.h; sourceTree = "<group>"; };
		7B475FCA1DA8722F00BEF671 /* AppDelegate.m */ = {isa = PBXFileReference; lastKnownFileType = sourcecode.c.objc; path = AppDelegate.m; sourceTree = "<group>"; };
		7B475FCC1DA8722F00BEF671 /* ViewController.h */ = {isa = PBXFileReference; lastKnownFileType = sourcecode.c.h; path = ViewController.h; sourceTree = "<group>"; };
		7B475FCD1DA8722F00BEF671 /* ViewController.m */ = {isa = PBXFileReference; lastKnownFileType = sourcecode.c.objc; path = ViewController.m; sourceTree = "<group>"; };
		7B475FD01DA8722F00BEF671 /* Base */ = {isa = PBXFileReference; lastKnownFileType = file.storyboard; name = Base; path = Base.lproj/Main.storyboard; sourceTree = "<group>"; };
		7B475FD21DA8722F00BEF671 /* Assets.xcassets */ = {isa = PBXFileReference; lastKnownFileType = folder.assetcatalog; path = Assets.xcassets; sourceTree = "<group>"; };
		7B475FD51DA8722F00BEF671 /* Base */ = {isa = PBXFileReference; lastKnownFileType = file.storyboard; name = Base; path = Base.lproj/LaunchScreen.storyboard; sourceTree = "<group>"; };
		7B475FD71DA8722F00BEF671 /* Info.plist */ = {isa = PBXFileReference; lastKnownFileType = text.plist.xml; path = Info.plist; sourceTree = "<group>"; };
		7B475FDC1DA8723000BEF671 /* Grace_Matuszyk_assignment2Tests.xctest */ = {isa = PBXFileReference; explicitFileType = wrapper.cfbundle; includeInIndex = 0; path = Grace_Matuszyk_assignment2Tests.xctest; sourceTree = BUILT_PRODUCTS_DIR; };
		7B475FE01DA8723000BEF671 /* Grace_Matuszyk_assignment2Tests.m */ = {isa = PBXFileReference; lastKnownFileType = sourcecode.c.objc; path = Grace_Matuszyk_assignment2Tests.m; sourceTree = "<group>"; };
		7B475FE21DA8723000BEF671 /* Info.plist */ = {isa = PBXFileReference; lastKnownFileType = text.plist.xml; path = Info.plist; sourceTree = "<group>"; };
		7B475FE71DA8723000BEF671 /* Grace_Matuszyk_assignment2UITests.xctest */ = {isa = PBXFileReference; explicitFileType = wrapper.cfbundle; includeInIndex = 0; path = Grace_Matuszyk_assignment2UITests.xctest; sourceTree = BUILT_PRODUCTS_DIR; };
		7B475FEB1DA8723000BEF671 /* Grace_Matuszyk_assignment2UITests.m */ = {isa = PBXFileReference; lastKnownFileType = sourcecode.c.objc; path = Grace_Matuszyk_assignment2UITests.m; sourceTree = "<group>"; };
		7B475FED1DA8723000BEF671 /* Info.plist */ = {isa = PBXFileReference; lastKnownFileType = text.plist.xml; path = Info.plist; sourceTree = "<group>"; };
/* End PBXFileReference section */

/* Begin PBXFrameworksBuildPhase section */
		7B475FC01DA8722F00BEF671 /* Frameworks */ = {
			isa = PBXFrameworksBuildPhase;
			buildActionMask = 2147483647;
			files = (
			);
			runOnlyForDeploymentPostprocessing = 0;
		};
		7B475FD91DA8723000BEF671 /* Frameworks */ = {
			isa = PBXFrameworksBuildPhase;
			buildActionMask = 2147483647;
			files = (
			);
			runOnlyForDeploymentPostprocessing = 0;
		};
		7B475FE41DA8723000BEF671 /* Frameworks */ = {
			isa = PBXFrameworksBuildPhase;
			buildActionMask = 2147483647;
			files = (
			);
			runOnlyForDeploymentPostprocessing = 0;
		};
/* End PBXFrameworksBuildPhase section */

/* Begin PBXGroup section */
		7B475FBA1DA8722F00BEF671 = {
			isa = PBXGroup;
			children = (
				7B475FC51DA8722F00BEF671 /* Grace_Matuszyk_assignment2 */,
				7B475FDF1DA8723000BEF671 /* Grace_Matuszyk_assignment2Tests */,
				7B475FEA1DA8723000BEF671 /* Grace_Matuszyk_assignment2UITests */,
				7B475FC41DA8722F00BEF671 /* Products */,
			);
			sourceTree = "<group>";
		};
		7B475FC41DA8722F00BEF671 /* Products */ = {
			isa = PBXGroup;
			children = (
				7B475FC31DA8722F00BEF671 /* Grace_Matuszyk_assignment2.app */,
				7B475FDC1DA8723000BEF671 /* Grace_Matuszyk_assignment2Tests.xctest */,
				7B475FE71DA8723000BEF671 /* Grace_Matuszyk_assignment2UITests.xctest */,
			);
			name = Products;
			sourceTree = "<group>";
		};
		7B475FC51DA8722F00BEF671 /* Grace_Matuszyk_assignment2 */ = {
			isa = PBXGroup;
			children = (
				7B475FC91DA8722F00BEF671 /* AppDelegate.h */,
				7B475FCA1DA8722F00BEF671 /* AppDelegate.m */,
				7B475FCC1DA8722F00BEF671 /* ViewController.h */,
				7B475FCD1DA8722F00BEF671 /* ViewController.m */,
				7B475FCF1DA8722F00BEF671 /* Main.storyboard */,
				7B475FD21DA8722F00BEF671 /* Assets.xcassets */,
				7B475FD41DA8722F00BEF671 /* LaunchScreen.storyboard */,
				7B475FD71DA8722F00BEF671 /* Info.plist */,
				7B475FC61DA8722F00BEF671 /* Supporting Files */,
			);
			path = Grace_Matuszyk_assignment2;
			sourceTree = "<group>";
		};
		7B475FC61DA8722F00BEF671 /* Supporting Files */ = {
			isa = PBXGroup;
			children = (
				7B475FC71DA8722F00BEF671 /* main.m */,
			);
			name = "Supporting Files";
			sourceTree = "<group>";
		};
		7B475FDF1DA8723000BEF671 /* Grace_Matuszyk_assignment2Tests */ = {
			isa = PBXGroup;
			children = (
				7B475FE01DA8723000BEF671 /* Grace_Matuszyk_assignment2Tests.m */,
				7B475FE21DA8723000BEF671 /* Info.plist */,
			);
			path = Grace_Matuszyk_assignment2Tests;
			sourceTree = "<group>";
		};
		7B475FEA1DA8723000BEF671 /* Grace_Matuszyk_assignment2UITests */ = {
			isa = PBXGroup;
			children = (
				7B475FEB1DA8723000BEF671 /* Grace_Matuszyk_assignment2UITests.m */,
				7B475FED1DA8723000BEF671 /* Info.plist */,
			);
			path = Grace_Matuszyk_assignment2UITests;
			sourceTree = "<group>";
		};
/* End PBXGroup section */

/* Begin PBXNativeTarget section */
		7B475FC21DA8722F00BEF671 /* Grace_Matuszyk_assignment2 */ = {
			isa = PBXNativeTarget;
			buildConfigurationList = 7B475FF01DA8723000BEF671 /* Build configuration list for PBXNativeTarget "Grace_Matuszyk_assignment2" */;
			buildPhases = (
				7B475FBF1DA8722F00BEF671 /* Sources */,
				7B475FC01DA8722F00BEF671 /* Frameworks */,
				7B475FC11DA8722F00BEF671 /* Resources */,
			);
			buildRules = (
			);
			dependencies = (
			);
			name = Grace_Matuszyk_assignment2;
			productName = Grace_Matuszyk_assignment2;
			productReference = 7B475FC31DA8722F00BEF671 /* Grace_Matuszyk_assignment2.app */;
			productType = "com.apple.product-type.application";
		};
		7B475FDB1DA8723000BEF671 /* Grace_Matuszyk_assignment2Tests */ = {
			isa = PBXNativeTarget;
			buildConfigurationList = 7B475FF31DA8723000BEF671 /* Build configuration list for PBXNativeTarget "Grace_Matuszyk_assignment2Tests" */;
			buildPhases = (
				7B475FD81DA8723000BEF671 /* Sources */,
				7B475FD91DA8723000BEF671 /* Frameworks */,
				7B475FDA1DA8723000BEF671 /* Resources */,
			);
			buildRules = (
			);
			dependencies = (
				7B475FDE1DA8723000BEF671 /* PBXTargetDependency */,
			);
			name = Grace_Matuszyk_assignment2Tests;
			productName = Grace_Matuszyk_assignment2Tests;
			productReference = 7B475FDC1DA8723000BEF671 /* Grace_Matuszyk_assignment2Tests.xctest */;
			productType = "com.apple.product-type.bundle.unit-test";
		};
		7B475FE61DA8723000BEF671 /* Grace_Matuszyk_assignment2UITests */ = {
			isa = PBXNativeTarget;
			buildConfigurationList = 7B475FF61DA8723000BEF671 /* Build configuration list for PBXNativeTarget "Grace_Matuszyk_assignment2UITests" */;
			buildPhases = (
				7B475FE31DA8723000BEF671 /* Sources */,
				7B475FE41DA8723000BEF671 /* Frameworks */,
				7B475FE51DA8723000BEF671 /* Resources */,
			);
			buildRules = (
			);
			dependencies = (
				7B475FE91DA8723000BEF671 /* PBXTargetDependency */,
			);
			name = Grace_Matuszyk_assignment2UITests;
			productName = Grace_Matuszyk_assignment2UITests;
			productReference = 7B475FE71DA8723000BEF671 /* Grace_Matuszyk_assignment2UITests.xctest */;
			productType = "com.apple.product-type.bundle.ui-testing";
		};
/* End PBXNativeTarget section */

/* Begin PBXProject section */
		7B475FBB1DA8722F00BEF671 /* Project object */ = {
			isa = PBXProject;
			attributes = {
				LastUpgradeCheck = 0730;
				ORGANIZATIONNAME = nyu.edu;
				TargetAttributes = {
					7B475FC21DA8722F00BEF671 = {
						CreatedOnToolsVersion = 7.3.1;
					};
					7B475FDB1DA8723000BEF671 = {
						CreatedOnToolsVersion = 7.3.1;
						TestTargetID = 7B475FC21DA8722F00BEF671;
					};
					7B475FE61DA8723000BEF671 = {
						CreatedOnToolsVersion = 7.3.1;
						TestTargetID = 7B475FC21DA8722F00BEF671;
					};
				};
			};
			buildConfigurationList = 7B475FBE1DA8722F00BEF671 /* Build configuration list for PBXProject "Grace_Matuszyk_assignment2" */;
			compatibilityVersion = "Xcode 3.2";
			developmentRegion = English;
			hasScannedForEncodings = 0;
			knownRegions = (
				en,
				Base,
			);
			mainGroup = 7B475FBA1DA8722F00BEF671;
			productRefGroup = 7B475FC41DA8722F00BEF671 /* Products */;
			projectDirPath = "";
			projectRoot = "";
			targets = (
				7B475FC21DA8722F00BEF671 /* Grace_Matuszyk_assignment2 */,
				7B475FDB1DA8723000BEF671 /* Grace_Matuszyk_assignment2Tests */,
				7B475FE61DA8723000BEF671 /* Grace_Matuszyk_assignment2UITests */,
			);
		};
/* End PBXProject section */

/* Begin PBXResourcesBuildPhase section */
		7B475FC11DA8722F00BEF671 /* Resources */ = {
			isa = PBXResourcesBuildPhase;
			buildActionMask = 2147483647;
			files = (
				7B475FD61DA8722F00BEF671 /* LaunchScreen.storyboard in Resources */,
				7B475FD31DA8722F00BEF671 /* Assets.xcassets in Resources */,
				7B475FD11DA8722F00BEF671 /* Main.storyboard in Resources */,
			);
			runOnlyForDeploymentPostprocessing = 0;
		};
		7B475FDA1DA8723000BEF671 /* Resources */ = {
			isa = PBXResourcesBuildPhase;
			buildActionMask = 2147483647;
			files = (
			);
			runOnlyForDeploymentPostprocessing = 0;
		};
		7B475FE51DA8723000BEF671 /* Resources */ = {
			isa = PBXResourcesBuildPhase;
			buildActionMask = 2147483647;
			files = (
			);
			runOnlyForDeploymentPostprocessing = 0;
		};
/* End PBXResourcesBuildPhase section */

/* Begin PBXSourcesBuildPhase section */
		7B475FBF1DA8722F00BEF671 /* Sources */ = {
			isa = PBXSourcesBuildPhase;
			buildActionMask = 2147483647;
			files = (
				7B475FCE1DA8722F00BEF671 /* ViewController.m in Sources */,
				7B475FCB1DA8722F00BEF671 /* AppDelegate.m in Sources */,
				7B475FC81DA8722F00BEF671 /* main.m in Sources */,
			);
			runOnlyForDeploymentPostprocessing = 0;
		};
		7B475FD81DA8723000BEF671 /* Sources */ = {
			isa = PBXSourcesBuildPhase;
			buildActionMask = 2147483647;
			files = (
				7B475FE11DA8723000BEF671 /* Grace_Matuszyk_assignment2Tests.m in Sources */,
			);
			runOnlyForDeploymentPostprocessing = 0;
		};
		7B475FE31DA8723000BEF671 /* Sources */ = {
			isa = PBXSourcesBuildPhase;
			buildActionMask = 2147483647;
			files = (
				7B475FEC1DA8723000BEF671 /* Grace_Matuszyk_assignment2UITests.m in Sources */,
			);
			runOnlyForDeploymentPostprocessing = 0;
		};
/* End PBXSourcesBuildPhase section */

/* Begin PBXTargetDependency section */
		7B475FDE1DA8723000BEF671 /* PBXTargetDependency */ = {
			isa = PBXTargetDependency;
			target = 7B475FC21DA8722F00BEF671 /* Grace_Matuszyk_assignment2 */;
			targetProxy = 7B475FDD1DA8723000BEF671 /* PBXContainerItemProxy */;
		};
		7B475FE91DA8723000BEF671 /* PBXTargetDependency */ = {
			isa = PBXTargetDependency;
			target = 7B475FC21DA8722F00BEF671 /* Grace_Matuszyk_assignment2 */;
			targetProxy = 7B475FE81DA8723000BEF671 /* PBXContainerItemProxy */;
		};
/* End PBXTargetDependency section */

/* Begin PBXVariantGroup section */
		7B475FCF1DA8722F00BEF671 /* Main.storyboard */ = {
			isa = PBXVariantGroup;
			children = (
				7B475FD01DA8722F00BEF671 /* Base */,
			);
			name = Main.storyboard;
			sourceTree = "<group>";
		};
		7B475FD41DA8722F00BEF671 /* LaunchScreen.storyboard */ = {
			isa = PBXVariantGroup;
			children = (
				7B475FD51DA8722F00BEF671 /* Base */,
			);
			name = LaunchScreen.storyboard;
			sourceTree = "<group>";
		};
/* End PBXVariantGroup section */

/* Begin XCBuildConfiguration section */
		7B475FEE1DA8723000BEF671 /* Debug */ = {
			isa = XCBuildConfiguration;
			buildSettings = {
				ALWAYS_SEARCH_USER_PATHS = NO;
				CLANG_ANALYZER_NONNULL = YES;
				CLANG_CXX_LANGUAGE_STANDARD = "gnu++0x";
				CLANG_CXX_LIBRARY = "libc++";
				CLANG_ENABLE_MODULES = YES;
				CLANG_ENABLE_OBJC_ARC = YES;
				CLANG_WARN_BOOL_CONVERSION = YES;
				CLANG_WARN_CONSTANT_CONVERSION = YES;
				CLANG_WARN_DIRECT_OBJC_ISA_USAGE = YES_ERROR;
				CLANG_WARN_EMPTY_BODY = YES;
				CLANG_WARN_ENUM_CONVERSION = YES;
				CLANG_WARN_INT_CONVERSION = YES;
				CLANG_WARN_OBJC_ROOT_CLASS = YES_ERROR;
				CLANG_WARN_UNREACHABLE_CODE = YES;
				CLANG_WARN__DUPLICATE_METHOD_MATCH = YES;
				"CODE_SIGN_IDENTITY[sdk=iphoneos*]" = "iPhone Developer";
				COPY_PHASE_STRIP = NO;
				DEBUG_INFORMATION_FORMAT = dwarf;
				ENABLE_STRICT_OBJC_MSGSEND = YES;
				ENABLE_TESTABILITY = YES;
				GCC_C_LANGUAGE_STANDARD = gnu99;
				GCC_DYNAMIC_NO_PIC = NO;
				GCC_NO_COMMON_BLOCKS = YES;
				GCC_OPTIMIZATION_LEVEL = 0;
				GCC_PREPROCESSOR_DEFINITIONS = (
					"DEBUG=1",
					"$(inherited)",
				);
				GCC_WARN_64_TO_32_BIT_CONVERSION = YES;
				GCC_WARN_ABOUT_RETURN_TYPE = YES_ERROR;
				GCC_WARN_UNDECLARED_SELECTOR = YES;
				GCC_WARN_UNINITIALIZED_AUTOS = YES_AGGRESSIVE;
				GCC_WARN_UNUSED_FUNCTION = YES;
				GCC_WARN_UNUSED_VARIABLE = YES;
				IPHONEOS_DEPLOYMENT_TARGET = 9.3;
				MTL_ENABLE_DEBUG_INFO = YES;
				ONLY_ACTIVE_ARCH = YES;
				SDKROOT = iphoneos;
			};
			name = Debug;
		};
		7B475FEF1DA8723000BEF671 /* Release */ = {
			isa = XCBuildConfiguration;
			buildSettings = {
				ALWAYS_SEARCH_USER_PATHS = NO;
				CLANG_ANALYZER_NONNULL = YES;
				CLANG_CXX_LANGUAGE_STANDARD = "gnu++0x";
				CLANG_CXX_LIBRARY = "libc++";
				CLANG_ENABLE_MODULES = YES;
				CLANG_ENABLE_OBJC_ARC = YES;
				CLANG_WARN_BOOL_CONVERSION = YES;
				CLANG_WARN_CONSTANT_CONVERSION = YES;
				CLANG_WARN_DIRECT_OBJC_ISA_USAGE = YES_ERROR;
				CLANG_WARN_EMPTY_BODY = YES;
				CLANG_WARN_ENUM_CONVERSION = YES;
				CLANG_WARN_INT_CONVERSION = YES;
				CLANG_WARN_OBJC_ROOT_CLASS = YES_ERROR;
				CLANG_WARN_UNREACHABLE_CODE = YES;
				CLANG_WARN__DUPLICATE_METHOD_MATCH = YES;
				"CODE_SIGN_IDENTITY[sdk=iphoneos*]" = "iPhone Developer";
				COPY_PHASE_STRIP = NO;
				DEBUG_INFORMATION_FORMAT = "dwarf-with-dsym";
				ENABLE_NS_ASSERTIONS = NO;
				ENABLE_STRICT_OBJC_MSGSEND = YES;
				GCC_C_LANGUAGE_STANDARD = gnu99;
				GCC_NO_COMMON_BLOCKS = YES;
				GCC_WARN_64_TO_32_BIT_CONVERSION = YES;
				GCC_WARN_ABOUT_RETURN_TYPE = YES_ERROR;
				GCC_WARN_UNDECLARED_SELECTOR = YES;
				GCC_WARN_UNINITIALIZED_AUTOS = YES_AGGRESSIVE;
				GCC_WARN_UNUSED_FUNCTION = YES;
				GCC_WARN_UNUSED_VARIABLE = YES;
				IPHONEOS_DEPLOYMENT_TARGET = 9.3;
				MTL_ENABLE_DEBUG_INFO = NO;
				SDKROOT = iphoneos;
				VALIDATE_PRODUCT = YES;
			};
			name = Release;
		};
		7B475FF11DA8723000BEF671 /* Debug */ = {
			isa = XCBuildConfiguration;
			buildSettings = {
				ASSETCATALOG_COMPILER_APPICON_NAME = AppIcon;
				INFOPLIST_FILE = Grace_Matuszyk_assignment2/Info.plist;
				LD_RUNPATH_SEARCH_PATHS = "$(inherited) @executable_path/Frameworks";
				PRODUCT_BUNDLE_IDENTIFIER = "NYU.Grace-Matuszyk-assignment2";
				PRODUCT_NAME = "$(TARGET_NAME)";
			};
			name = Debug;
		};
		7B475FF21DA8723000BEF671 /* Release */ = {
			isa = XCBuildConfiguration;
			buildSettings = {
				ASSETCATALOG_COMPILER_APPICON_NAME = AppIcon;
				INFOPLIST_FILE = Grace_Matuszyk_assignment2/Info.plist;
				LD_RUNPATH_SEARCH_PATHS = "$(inherited) @executable_path/Frameworks";
				PRODUCT_BUNDLE_IDENTIFIER = "NYU.Grace-Matuszyk-assignment2";
				PRODUCT_NAME = "$(TARGET_NAME)";
			};
			name = Release;
		};
		7B475FF41DA8723000BEF671 /* Debug */ = {
			isa = XCBuildConfiguration;
			buildSettings = {
				BUNDLE_LOADER = "$(TEST_HOST)";
				INFOPLIST_FILE = Grace_Matuszyk_assignment2Tests/Info.plist;
				LD_RUNPATH_SEARCH_PATHS = "$(inherited) @executable_path/Frameworks @loader_path/Frameworks";
				PRODUCT_BUNDLE_IDENTIFIER = "NYU.Grace-Matuszyk-assignment2Tests";
				PRODUCT_NAME = "$(TARGET_NAME)";
				TEST_HOST = "$(BUILT_PRODUCTS_DIR)/Grace_Matuszyk_assignment2.app/Grace_Matuszyk_assignment2";
			};
			name = Debug;
		};
		7B475FF51DA8723000BEF671 /* Release */ = {
			isa = XCBuildConfiguration;
			buildSettings = {
				BUNDLE_LOADER = "$(TEST_HOST)";
				INFOPLIST_FILE = Grace_Matuszyk_assignment2Tests/Info.plist;
				LD_RUNPATH_SEARCH_PATHS = "$(inherited) @executable_path/Frameworks @loader_path/Frameworks";
				PRODUCT_BUNDLE_IDENTIFIER = "NYU.Grace-Matuszyk-assignment2Tests";
				PRODUCT_NAME = "$(TARGET_NAME)";
				TEST_HOST = "$(BUILT_PRODUCTS_DIR)/Grace_Matuszyk_assignment2.app/Grace_Matuszyk_assignment2";
			};
			name = Release;
		};
		7B475FF71DA8723000BEF671 /* Debug */ = {
			isa = XCBuildConfiguration;
			buildSettings = {
				INFOPLIST_FILE = Grace_Matuszyk_assignment2UITests/Info.plist;
				LD_RUNPATH_SEARCH_PATHS = "$(inherited) @executable_path/Frameworks @loader_path/Frameworks";
				PRODUCT_BUNDLE_IDENTIFIER = "NYU.Grace-Matuszyk-assignment2UITests";
				PRODUCT_NAME = "$(TARGET_NAME)";
				TEST_TARGET_NAME = Grace_Matuszyk_assignment2;
			};
			name = Debug;
		};
		7B475FF81DA8723000BEF671 /* Release */ = {
			isa = XCBuildConfiguration;
			buildSettings = {
				INFOPLIST_FILE = Grace_Matuszyk_assignment2UITests/Info.plist;
				LD_RUNPATH_SEARCH_PATHS = "$(inherited) @executable_path/Frameworks @loader_path/Frameworks";
				PRODUCT_BUNDLE_IDENTIFIER = "NYU.Grace-Matuszyk-assignment2UITests";
				PRODUCT_NAME = "$(TARGET_NAME)";
				TEST_TARGET_NAME = Grace_Matuszyk_assignment2;
			};
			name = Release;
		};
/* End XCBuildConfiguration section */

/* Begin XCConfigurationList section */
		7B475FBE1DA8722F00BEF671 /* Build configuration list for PBXProject "Grace_Matuszyk_assignment2" */ = {
			isa = XCConfigurationList;
			buildConfigurations = (
				7B475FEE1DA8723000BEF671 /* Debug */,
				7B475FEF1DA8723000BEF671 /* Release */,
			);
			defaultConfigurationIsVisible = 0;
			defaultConfigurationName = Release;
		};
		7B475FF01DA8723000BEF671 /* Build configuration list for PBXNativeTarget "Grace_Matuszyk_assignment2" */ = {
			isa = XCConfigurationList;
			buildConfigurations = (
				7B475FF11DA8723000BEF671 /* Debug */,
				7B475FF21DA8723000BEF671 /* Release */,
			);
			defaultConfigurationIsVisible = 0;
		};
		7B475FF31DA8723000BEF671 /* Build configuration list for PBXNativeTarget "Grace_Matuszyk_assignment2Tests" */ = {
			isa = XCConfigurationList;
			buildConfigurations = (
				7B475FF41DA8723000BEF671 /* Debug */,
				7B475FF51DA8723000BEF671 /* Release */,
			);
			defaultConfigurationIsVisible = 0;
		};
		7B475FF61DA8723000BEF671 /* Build configuration list for PBXNativeTarget "Grace_Matuszyk_assignment2UITests" */ = {
			isa = XCConfigurationList;
			buildConfigurations = (
				7B475FF71DA8723000BEF671 /* Debug */,
				7B475FF81DA8723000BEF671 /* Release */,
			);
			defaultConfigurationIsVisible = 0;
		};
/* End XCConfigurationList section */
	};
	rootObject = 7B475FBB1DA8722F00BEF671 /* Project object */;
}
